// !$*UTF8*$!
{
	archiveVersion = 1;
	classes = {
	};
	objectVersion = 46;
	objects = {

/* Begin PBXBuildFile section */
		4363FED01DCB983A00B5A084 /* AppDelegate.swift in Sources */ = {isa = PBXBuildFile; fileRef = 4363FECF1DCB983A00B5A084 /* AppDelegate.swift */; };
		4363FED21DCB983A00B5A084 /* ViewController.swift in Sources */ = {isa = PBXBuildFile; fileRef = 4363FED11DCB983A00B5A084 /* ViewController.swift */; };
		4363FED41DCB983A00B5A084 /* Assets.xcassets in Resources */ = {isa = PBXBuildFile; fileRef = 4363FED31DCB983A00B5A084 /* Assets.xcassets */; };
		4363FED71DCB983A00B5A084 /* Main.storyboard in Resources */ = {isa = PBXBuildFile; fileRef = 4363FED51DCB983A00B5A084 /* Main.storyboard */; };
		4363FEDF1DCBA80800B5A084 /* README.md in Sources */ = {isa = PBXBuildFile; fileRef = 4363FEDE1DCBA80800B5A084 /* README.md */; };
/* End PBXBuildFile section */

/* Begin PBXFileReference section */
		4363FECC1DCB983A00B5A084 /* NSOutlineViewReloadGroupItemTest.app */ = {isa = PBXFileReference; explicitFileType = wrapper.application; includeInIndex = 0; path = NSOutlineViewReloadGroupItemTest.app; sourceTree = BUILT_PRODUCTS_DIR; };
		4363FECF1DCB983A00B5A084 /* AppDelegate.swift */ = {isa = PBXFileReference; lastKnownFileType = sourcecode.swift; path = AppDelegate.swift; sourceTree = "<group>"; };
		4363FED11DCB983A00B5A084 /* ViewController.swift */ = {isa = PBXFileReference; lastKnownFileType = sourcecode.swift; path = ViewController.swift; sourceTree = "<group>"; };
		4363FED31DCB983A00B5A084 /* Assets.xcassets */ = {isa = PBXFileReference; lastKnownFileType = folder.assetcatalog; path = Assets.xcassets; sourceTree = "<group>"; };
		4363FED61DCB983A00B5A084 /* Base */ = {isa = PBXFileReference; lastKnownFileType = file.storyboard; name = Base; path = Base.lproj/Main.storyboard; sourceTree = "<group>"; };
		4363FED81DCB983A00B5A084 /* Info.plist */ = {isa = PBXFileReference; lastKnownFileType = text.plist.xml; path = Info.plist; sourceTree = "<group>"; };
		4363FEDE1DCBA80800B5A084 /* README.md */ = {isa = PBXFileReference; fileEncoding = 4; lastKnownFileType = net.daringfireball.markdown; path = README.md; sourceTree = "<group>"; };
/* End PBXFileReference section */

/* Begin PBXFrameworksBuildPhase section */
		4363FEC91DCB983A00B5A084 /* Frameworks */ = {
			isa = PBXFrameworksBuildPhase;
			buildActionMask = 2147483647;
			files = (
			);
			runOnlyForDeploymentPostprocessing = 0;
		};
/* End PBXFrameworksBuildPhase section */

/* Begin PBXGroup section */
		4363FEC31DCB983A00B5A084 = {
			isa = PBXGroup;
			children = (
				4363FEDE1DCBA80800B5A084 /* README.md */,
				4363FECE1DCB983A00B5A084 /* NSOutlineViewReloadGroupItemTest */,
				4363FECD1DCB983A00B5A084 /* Products */,
			);
			sourceTree = "<group>";
		};
		4363FECD1DCB983A00B5A084 /* Products */ = {
			isa = PBXGroup;
			children = (
				4363FECC1DCB983A00B5A084 /* NSOutlineViewReloadGroupItemTest.app */,
			);
			name = Products;
			sourceTree = "<group>";
		};
		4363FECE1DCB983A00B5A084 /* NSOutlineViewReloadGroupItemTest */ = {
			isa = PBXGroup;
			children = (
				4363FECF1DCB983A00B5A084 /* AppDelegate.swift */,
				4363FED11DCB983A00B5A084 /* ViewController.swift */,
				4363FED31DCB983A00B5A084 /* Assets.xcassets */,
				4363FED51DCB983A00B5A084 /* Main.storyboard */,
				4363FED81DCB983A00B5A084 /* Info.plist */,
			);
			name = NSOutlineViewReloadGroupItemTest;
			path = ReloadTheGroupRow;
			sourceTree = "<group>";
		};
/* End PBXGroup section */

/* Begin PBXNativeTarget section */
		4363FECB1DCB983A00B5A084 /* NSOutlineViewReloadGroupItemTest */ = {
			isa = PBXNativeTarget;
			buildConfigurationList = 4363FEDB1DCB983A00B5A084 /* Build configuration list for PBXNativeTarget "NSOutlineViewReloadGroupItemTest" */;
			buildPhases = (
				4363FEC81DCB983A00B5A084 /* Sources */,
				4363FEC91DCB983A00B5A084 /* Frameworks */,
				4363FECA1DCB983A00B5A084 /* Resources */,
			);
			buildRules = (
			);
			dependencies = (
			);
			name = NSOutlineViewReloadGroupItemTest;
			productName = ReloadTheGroupRow;
			productReference = 4363FECC1DCB983A00B5A084 /* NSOutlineViewReloadGroupItemTest.app */;
			productType = "com.apple.product-type.application";
		};
/* End PBXNativeTarget section */

/* Begin PBXProject section */
		4363FEC41DCB983A00B5A084 /* Project object */ = {
			isa = PBXProject;
			attributes = {
				LastSwiftUpdateCheck = 0810;
				LastUpgradeCheck = 0810;
				ORGANIZATIONNAME = "Jesse Grosjean";
				TargetAttributes = {
					4363FECB1DCB983A00B5A084 = {
						CreatedOnToolsVersion = 8.1;
						ProvisioningStyle = Automatic;
					};
				};
			};
			buildConfigurationList = 4363FEC71DCB983A00B5A084 /* Build configuration list for PBXProject "NSOutlineViewReloadGroupItemTest" */;
			compatibilityVersion = "Xcode 3.2";
			developmentRegion = English;
			hasScannedForEncodings = 0;
			knownRegions = (
				en,
				Base,
			);
			mainGroup = 4363FEC31DCB983A00B5A084;
			productRefGroup = 4363FECD1DCB983A00B5A084 /* Products */;
			projectDirPath = "";
			projectRoot = "";
			targets = (
				4363FECB1DCB983A00B5A084 /* NSOutlineViewReloadGroupItemTest */,
			);
		};
/* End PBXProject section */

/* Begin PBXResourcesBuildPhase section */
		4363FECA1DCB983A00B5A084 /* Resources */ = {
			isa = PBXResourcesBuildPhase;
			buildActionMask = 2147483647;
			files = (
				4363FED41DCB983A00B5A084 /* Assets.xcassets in Resources */,
				4363FED71DCB983A00B5A084 /* Main.storyboard in Resources */,
			);
			runOnlyForDeploymentPostprocessing = 0;
		};
/* End PBXResourcesBuildPhase section */

/* Begin PBXSourcesBuildPhase section */
		4363FEC81DCB983A00B5A084 /* Sources */ = {
			isa = PBXSourcesBuildPhase;
			buildActionMask = 2147483647;
			files = (
				4363FEDF1DCBA80800B5A084 /* README.md in Sources */,
				4363FED21DCB983A00B5A084 /* ViewController.swift in Sources */,
				4363FED01DCB983A00B5A084 /* AppDelegate.swift in Sources */,
			);
			runOnlyForDeploymentPostprocessing = 0;
		};
/* End PBXSourcesBuildPhase section */

/* Begin PBXVariantGroup section */
		4363FED51DCB983A00B5A084 /* Main.storyboard */ = {
			isa = PBXVariantGroup;
			children = (
				4363FED61DCB983A00B5A084 /* Base */,
			);
			name = Main.storyboard;
			sourceTree = "<group>";
		};
/* End PBXVariantGroup section */

/* Begin XCBuildConfiguration section */
		4363FED91DCB983A00B5A084 /* Debug */ = {
			isa = XCBuildConfiguration;
			buildSettings = {
				ALWAYS_SEARCH_USER_PATHS = NO;
				CLANG_ANALYZER_NONNULL = YES;
				CLANG_CXX_LANGUAGE_STANDARD = "gnu++0x";
				CLANG_CXX_LIBRARY = "libc++";
				CLANG_ENABLE_MODULES = YES;
				CLANG_ENABLE_OBJC_ARC = YES;
				CLANG_WARN_BOOL_CONVERSION = YES;
				CLANG_WARN_CONSTANT_CONVERSION = YES;
				CLANG_WARN_DIRECT_OBJC_ISA_USAGE = YES_ERROR;
				CLANG_WARN_DOCUMENTATION_COMMENTS = YES;
				CLANG_WARN_EMPTY_BODY = YES;
				CLANG_WARN_ENUM_CONVERSION = YES;
				CLANG_WARN_INFINITE_RECURSION = YES;
				CLANG_WARN_INT_CONVERSION = YES;
				CLANG_WARN_OBJC_ROOT_CLASS = YES_ERROR;
				CLANG_WARN_SUSPICIOUS_MOVES = YES;
				CLANG_WARN_UNREACHABLE_CODE = YES;
				CLANG_WARN__DUPLICATE_METHOD_MATCH = YES;
				CODE_SIGN_IDENTITY = "-";
				COPY_PHASE_STRIP = NO;
				DEBUG_INFORMATION_FORMAT = dwarf;
				ENABLE_STRICT_OBJC_MSGSEND = YES;
				ENABLE_TESTABILITY = YES;
				GCC_C_LANGUAGE_STANDARD = gnu99;
				GCC_DYNAMIC_NO_PIC = NO;
				GCC_NO_COMMON_BLOCKS = YES;
				GCC_OPTIMIZATION_LEVEL = 0;
				GCC_PREPROCESSOR_DEFINITIONS = (
					"DEBUG=1",
					"$(inherited)",
				);
				GCC_WARN_64_TO_32_BIT_CONVERSION = YES;
				GCC_WARN_ABOUT_RETURN_TYPE = YES_ERROR;
				GCC_WARN_UNDECLARED_SELECTOR = YES;
				GCC_WARN_UNINITIALIZED_AUTOS = YES_AGGRESSIVE;
				GCC_WARN_UNUSED_FUNCTION = YES;
				GCC_WARN_UNUSED_VARIABLE = YES;
				MACOSX_DEPLOYMENT_TARGET = 10.12;
				MTL_ENABLE_DEBUG_INFO = YES;
				ONLY_ACTIVE_ARCH = YES;
				SDKROOT = macosx;
				SWIFT_ACTIVE_COMPILATION_CONDITIONS = DEBUG;
				SWIFT_OPTIMIZATION_LEVEL = "-Onone";
			};
			name = Debug;
		};
		4363FEDA1DCB983A00B5A084 /* Release */ = {
			isa = XCBuildConfiguration;
			buildSettings = {
				ALWAYS_SEARCH_USER_PATHS = NO;
				CLANG_ANALYZER_NONNULL = YES;
				CLANG_CXX_LANGUAGE_STANDARD = "gnu++0x";
				CLANG_CXX_LIBRARY = "libc++";
				CLANG_ENABLE_MODULES = YES;
				CLANG_ENABLE_OBJC_ARC = YES;
				CLANG_WARN_BOOL_CONVERSION = YES;
				CLANG_WARN_CONSTANT_CONVERSION = YES;
				CLANG_WARN_DIRECT_OBJC_ISA_USAGE = YES_ERROR;
				CLANG_WARN_DOCUMENTATION_COMMENTS = YES;
				CLANG_WARN_EMPTY_BODY = YES;
				CLANG_WARN_ENUM_CONVERSION = YES;
				CLANG_WARN_INFINITE_RECURSION = YES;
				CLANG_WARN_INT_CONVERSION = YES;
				CLANG_WARN_OBJC_ROOT_CLASS = YES_ERROR;
				CLANG_WARN_SUSPICIOUS_MOVES = YES;
				CLANG_WARN_UNREACHABLE_CODE = YES;
				CLANG_WARN__DUPLICATE_METHOD_MATCH = YES;
				CODE_SIGN_IDENTITY = "-";
				COPY_PHASE_STRIP = NO;
				DEBUG_INFORMATION_FORMAT = "dwarf-with-dsym";
				ENABLE_NS_ASSERTIONS = NO;
				ENABLE_STRICT_OBJC_MSGSEND = YES;
				GCC_C_LANGUAGE_STANDARD = gnu99;
				GCC_NO_COMMON_BLOCKS = YES;
				GCC_WARN_64_TO_32_BIT_CONVERSION = YES;
				GCC_WARN_ABOUT_RETURN_TYPE = YES_ERROR;
				GCC_WARN_UNDECLARED_SELECTOR = YES;
				GCC_WARN_UNINITIALIZED_AUTOS = YES_AGGRESSIVE;
				GCC_WARN_UNUSED_FUNCTION = YES;
				GCC_WARN_UNUSED_VARIABLE = YES;
				MACOSX_DEPLOYMENT_TARGET = 10.12;
				MTL_ENABLE_DEBUG_INFO = NO;
				SDKROOT = macosx;
				SWIFT_OPTIMIZATION_LEVEL = "-Owholemodule";
			};
			name = Release;
		};
		4363FEDC1DCB983A00B5A084 /* Debug */ = {
			isa = XCBuildConfiguration;
			buildSettings = {
				ASSETCATALOG_COMPILER_APPICON_NAME = AppIcon;
				COMBINE_HIDPI_IMAGES = YES;
				INFOPLIST_FILE = ReloadTheGroupRow/Info.plist;
				LD_RUNPATH_SEARCH_PATHS = "$(inherited) @executable_path/../Frameworks";
				PRODUCT_BUNDLE_IDENTIFIER = com.hogbaysoftware.NSOutlineViewReloadGroupItemTest;
				PRODUCT_NAME = "$(TARGET_NAME)";
				SWIFT_VERSION = 3.0;
			};
			name = Debug;
		};
		4363FEDD1DCB983A00B5A084 /* Release */ = {
			isa = XCBuildConfiguration;
			buildSettings = {
				ASSETCATALOG_COMPILER_APPICON_NAME = AppIcon;
				COMBINE_HIDPI_IMAGES = YES;
				INFOPLIST_FILE = ReloadTheGroupRow/Info.plist;
				LD_RUNPATH_SEARCH_PATHS = "$(inherited) @executable_path/../Frameworks";
				PRODUCT_BUNDLE_IDENTIFIER = com.hogbaysoftware.NSOutlineViewReloadGroupItemTest;
				PRODUCT_NAME = "$(TARGET_NAME)";
				SWIFT_VERSION = 3.0;
			};
			name = Release;
		};
/* End XCBuildConfiguration section */

/* Begin XCConfigurationList section */
		4363FEC71DCB983A00B5A084 /* Build configuration list for PBXProject "NSOutlineViewReloadGroupItemTest" */ = {
			isa = XCConfigurationList;
			buildConfigurations = (
				4363FED91DCB983A00B5A084 /* Debug */,
				4363FEDA1DCB983A00B5A084 /* Release */,
			);
			defaultConfigurationIsVisible = 0;
			defaultConfigurationName = Release;
		};
		4363FEDB1DCB983A00B5A084 /* Build configuration list for PBXNativeTarget "NSOutlineViewReloadGroupItemTest" */ = {
			isa = XCConfigurationList;
			buildConfigurations = (
				4363FEDC1DCB983A00B5A084 /* Debug */,
				4363FEDD1DCB983A00B5A084 /* Release */,
			);
			defaultConfigurationIsVisible = 0;
			defaultConfigurationName = Release;
		};
/* End XCConfigurationList section */
	};
	rootObject = 4363FEC41DCB983A00B5A084 /* Project object */;
}
